
Microsoft Visual Studio Solution File, Format Version 12.00
# Visual Studio 15
VisualStudioVersion = 15.0.28307.572
MinimumVisualStudioVersion = 10.0.40219.1
Project("{FAE04EC0-301F-11D3-BF4B-00C04F79EFBC}") = "App2.Android", "App2\App2.Android\App2.Android.csproj", "{DE097946-7CAB-4BC5-8490-4682A3E462A7}"
EndProject
Project("{FAE04EC0-301F-11D3-BF4B-00C04F79EFBC}") = "App2.iOS", "App2\App2.iOS\App2.iOS.csproj", "{96C699BD-C578-4C8B-AE32-E104DBE804F1}"
EndProject
Project("{FAE04EC0-301F-11D3-BF4B-00C04F79EFBC}") = "App2", "App2\App2\App2.csproj", "{5D26516F-9F0D-4309-AE98-DF6BC3EE7071}"
EndProject
Global
	GlobalSection(SolutionConfigurationPlatforms) = preSolution
		Ad-Hoc|Any CPU = Ad-Hoc|Any CPU
		Ad-Hoc|iPhone = Ad-Hoc|iPhone
		Ad-Hoc|iPhoneSimulator = Ad-Hoc|iPhoneSimulator
		AppStore|Any CPU = AppStore|Any CPU
		AppStore|iPhone = AppStore|iPhone
		AppStore|iPhoneSimulator = AppStore|iPhoneSimulator
		Debug|Any CPU = Debug|Any CPU
		Debug|iPhone = Debug|iPhone
		Debug|iPhoneSimulator = Debug|iPhoneSimulator
		Release|Any CPU = Release|Any CPU
		Release|iPhone = Release|iPhone
		Release|iPhoneSimulator = Release|iPhoneSimulator
	EndGlobalSection
	GlobalSection(ProjectConfigurationPlatforms) = postSolution
		{DE097946-7CAB-4BC5-8490-4682A3E462A7}.Ad-Hoc|Any CPU.ActiveCfg = Release|Any CPU
		{DE097946-7CAB-4BC5-8490-4682A3E462A7}.Ad-Hoc|Any CPU.Build.0 = Release|Any CPU
		{DE097946-7CAB-4BC5-8490-4682A3E462A7}.Ad-Hoc|Any CPU.Deploy.0 = Release|Any CPU
		{DE097946-7CAB-4BC5-8490-4682A3E462A7}.Ad-Hoc|iPhone.ActiveCfg = Release|Any CPU
		{DE097946-7CAB-4BC5-8490-4682A3E462A7}.Ad-Hoc|iPhone.Build.0 = Release|Any CPU
		{DE097946-7CAB-4BC5-8490-4682A3E462A7}.Ad-Hoc|iPhone.Deploy.0 = Release|Any CPU
		{DE097946-7CAB-4BC5-8490-4682A3E462A7}.Ad-Hoc|iPhoneSimulator.ActiveCfg = Release|Any CPU
		{DE097946-7CAB-4BC5-8490-4682A3E462A7}.Ad-Hoc|iPhoneSimulator.Build.0 = Release|Any CPU
		{DE097946-7CAB-4BC5-8490-4682A3E462A7}.Ad-Hoc|iPhoneSimulator.Deploy.0 = Release|Any CPU
		{DE097946-7CAB-4BC5-8490-4682A3E462A7}.AppStore|Any CPU.ActiveCfg = Release|Any CPU
		{DE097946-7CAB-4BC5-8490-4682A3E462A7}.AppStore|Any CPU.Build.0 = Release|Any CPU
		{DE097946-7CAB-4BC5-8490-4682A3E462A7}.AppStore|Any CPU.Deploy.0 = Release|Any CPU
		{DE097946-7CAB-4BC5-8490-4682A3E462A7}.AppStore|iPhone.ActiveCfg = Release|Any CPU
		{DE097946-7CAB-4BC5-8490-4682A3E462A7}.AppStore|iPhone.Build.0 = Release|Any CPU
		{DE097946-7CAB-4BC5-8490-4682A3E462A7}.AppStore|iPhone.Deploy.0 = Release|Any CPU
		{DE097946-7CAB-4BC5-8490-4682A3E462A7}.AppStore|iPhoneSimulator.ActiveCfg = Release|Any CPU
		{DE097946-7CAB-4BC5-8490-4682A3E462A7}.AppStore|iPhoneSimulator.Build.0 = Release|Any CPU
		{DE097946-7CAB-4BC5-8490-4682A3E462A7}.AppStore|iPhoneSimulator.Deploy.0 = Release|Any CPU
		{DE097946-7CAB-4BC5-8490-4682A3E462A7}.Debug|Any CPU.ActiveCfg = Debug|Any CPU
		{DE097946-7CAB-4BC5-8490-4682A3E462A7}.Debug|Any CPU.Build.0 = Debug|Any CPU
		{DE097946-7CAB-4BC5-8490-4682A3E462A7}.Debug|Any CPU.Deploy.0 = Debug|Any CPU
		{DE097946-7CAB-4BC5-8490-4682A3E462A7}.Debug|iPhone.ActiveCfg = Debug|Any CPU
		{DE097946-7CAB-4BC5-8490-4682A3E462A7}.Debug|iPhone.Build.0 = Debug|Any CPU
		{DE097946-7CAB-4BC5-8490-4682A3E462A7}.Debug|iPhone.Deploy.0 = Debug|Any CPU
		{DE097946-7CAB-4BC5-8490-4682A3E462A7}.Debug|iPhoneSimulator.ActiveCfg = Debug|Any CPU
		{DE097946-7CAB-4BC5-8490-4682A3E462A7}.Debug|iPhoneSimulator.Build.0 = Debug|Any CPU
		{DE097946-7CAB-4BC5-8490-4682A3E462A7}.Debug|iPhoneSimulator.Deploy.0 = Debug|Any CPU
		{DE097946-7CAB-4BC5-8490-4682A3E462A7}.Release|Any CPU.ActiveCfg = Release|Any CPU
		{DE097946-7CAB-4BC5-8490-4682A3E462A7}.Release|Any CPU.Build.0 = Release|Any CPU
		{DE097946-7CAB-4BC5-8490-4682A3E462A7}.Release|Any CPU.Deploy.0 = Release|Any CPU
		{DE097946-7CAB-4BC5-8490-4682A3E462A7}.Release|iPhone.ActiveCfg = Release|Any CPU
		{DE097946-7CAB-4BC5-8490-4682A3E462A7}.Release|iPhone.Build.0 = Release|Any CPU
		{DE097946-7CAB-4BC5-8490-4682A3E462A7}.Release|iPhone.Deploy.0 = Release|Any CPU
		{DE097946-7CAB-4BC5-8490-4682A3E462A7}.Release|iPhoneSimulator.ActiveCfg = Release|Any CPU
		{DE097946-7CAB-4BC5-8490-4682A3E462A7}.Release|iPhoneSimulator.Build.0 = Release|Any CPU
		{DE097946-7CAB-4BC5-8490-4682A3E462A7}.Release|iPhoneSimulator.Deploy.0 = Release|Any CPU
		{96C699BD-C578-4C8B-AE32-E104DBE804F1}.Ad-Hoc|Any CPU.ActiveCfg = Ad-Hoc|iPhone
		{96C699BD-C578-4C8B-AE32-E104DBE804F1}.Ad-Hoc|Any CPU.Build.0 = Ad-Hoc|iPhone
		{96C699BD-C578-4C8B-AE32-E104DBE804F1}.Ad-Hoc|Any CPU.Deploy.0 = Ad-Hoc|iPhone
		{96C699BD-C578-4C8B-AE32-E104DBE804F1}.Ad-Hoc|iPhone.ActiveCfg = Ad-Hoc|iPhone
		{96C699BD-C578-4C8B-AE32-E104DBE804F1}.Ad-Hoc|iPhone.Build.0 = Ad-Hoc|iPhone
		{96C699BD-C578-4C8B-AE32-E104DBE804F1}.Ad-Hoc|iPhone.Deploy.0 = Ad-Hoc|iPhone
		{96C699BD-C578-4C8B-AE32-E104DBE804F1}.Ad-Hoc|iPhoneSimulator.ActiveCfg = Ad-Hoc|iPhoneSimulator
		{96C699BD-C578-4C8B-AE32-E104DBE804F1}.Ad-Hoc|iPhoneSimulator.Build.0 = Ad-Hoc|iPhoneSimulator
		{96C699BD-C578-4C8B-AE32-E104DBE804F1}.Ad-Hoc|iPhoneSimulator.Deploy.0 = Ad-Hoc|iPhoneSimulator
		{96C699BD-C578-4C8B-AE32-E104DBE804F1}.AppStore|Any CPU.ActiveCfg = AppStore|iPhone
		{96C699BD-C578-4C8B-AE32-E104DBE804F1}.AppStore|Any CPU.Build.0 = AppStore|iPhone
		{96C699BD-C578-4C8B-AE32-E104DBE804F1}.AppStore|Any CPU.Deploy.0 = AppStore|iPhone
		{96C699BD-C578-4C8B-AE32-E104DBE804F1}.AppStore|iPhone.ActiveCfg = AppStore|iPhone
		{96C699BD-C578-4C8B-AE32-E104DBE804F1}.AppStore|iPhone.Build.0 = AppStore|iPhone
		{96C699BD-C578-4C8B-AE32-E104DBE804F1}.AppStore|iPhone.Deploy.0 = AppStore|iPhone
		{96C699BD-C578-4C8B-AE32-E104DBE804F1}.AppStore|iPhoneSimulator.ActiveCfg = AppStore|iPhoneSimulator
		{96C699BD-C578-4C8B-AE32-E104DBE804F1}.AppStore|iPhoneSimulator.Build.0 = AppStore|iPhoneSimulator
		{96C699BD-C578-4C8B-AE32-E104DBE804F1}.AppStore|iPhoneSimulator.Deploy.0 = AppStore|iPhoneSimulator
		{96C699BD-C578-4C8B-AE32-E104DBE804F1}.Debug|Any CPU.ActiveCfg = Debug|iPhoneSimulator
		{96C699BD-C578-4C8B-AE32-E104DBE804F1}.Debug|Any CPU.Build.0 = Debug|iPhoneSimulator
		{96C699BD-C578-4C8B-AE32-E104DBE804F1}.Debug|Any CPU.Deploy.0 = Debug|iPhoneSimulator
		{96C699BD-C578-4C8B-AE32-E104DBE804F1}.Debug|iPhone.ActiveCfg = Debug|iPhone
		{96C699BD-C578-4C8B-AE32-E104DBE804F1}.Debug|iPhone.Build.0 = Debug|iPhone
		{96C699BD-C578-4C8B-AE32-E104DBE804F1}.Debug|iPhone.Deploy.0 = Debug|iPhone
		{96C699BD-C578-4C8B-AE32-E104DBE804F1}.Debug|iPhoneSimulator.ActiveCfg = Debug|iPhoneSimulator
		{96C699BD-C578-4C8B-AE32-E104DBE804F1}.Debug|iPhoneSimulator.Build.0 = Debug|iPhoneSimulator
		{96C699BD-C578-4C8B-AE32-E104DBE804F1}.Debug|iPhoneSimulator.Deploy.0 = Debug|iPhoneSimulator
		{96C699BD-C578-4C8B-AE32-E104DBE804F1}.Release|Any CPU.ActiveCfg = Release|iPhone
		{96C699BD-C578-4C8B-AE32-E104DBE804F1}.Release|Any CPU.Build.0 = Release|iPhone
		{96C699BD-C578-4C8B-AE32-E104DBE804F1}.Release|Any CPU.Deploy.0 = Release|iPhone
		{96C699BD-C578-4C8B-AE32-E104DBE804F1}.Release|iPhone.ActiveCfg = Release|iPhone
		{96C699BD-C578-4C8B-AE32-E104DBE804F1}.Release|iPhone.Build.0 = Release|iPhone
		{96C699BD-C578-4C8B-AE32-E104DBE804F1}.Release|iPhone.Deploy.0 = Release|iPhone
		{96C699BD-C578-4C8B-AE32-E104DBE804F1}.Release|iPhoneSimulator.ActiveCfg = Release|iPhoneSimulator
		{96C699BD-C578-4C8B-AE32-E104DBE804F1}.Release|iPhoneSimulator.Build.0 = Release|iPhoneSimulator
		{96C699BD-C578-4C8B-AE32-E104DBE804F1}.Release|iPhoneSimulator.Deploy.0 = Release|iPhoneSimulator
		{5D26516F-9F0D-4309-AE98-DF6BC3EE7071}.Ad-Hoc|Any CPU.ActiveCfg = Debug|Any CPU
		{5D26516F-9F0D-4309-AE98-DF6BC3EE7071}.Ad-Hoc|Any CPU.Build.0 = Debug|Any CPU
		{5D26516F-9F0D-4309-AE98-DF6BC3EE7071}.Ad-Hoc|Any CPU.Deploy.0 = Debug|Any CPU
		{5D26516F-9F0D-4309-AE98-DF6BC3EE7071}.Ad-Hoc|iPhone.ActiveCfg = Debug|Any CPU
		{5D26516F-9F0D-4309-AE98-DF6BC3EE7071}.Ad-Hoc|iPhone.Build.0 = Debug|Any CPU
		{5D26516F-9F0D-4309-AE98-DF6BC3EE7071}.Ad-Hoc|iPhone.Deploy.0 = Debug|Any CPU
		{5D26516F-9F0D-4309-AE98-DF6BC3EE7071}.Ad-Hoc|iPhoneSimulator.ActiveCfg = Debug|Any CPU
		{5D26516F-9F0D-4309-AE98-DF6BC3EE7071}.Ad-Hoc|iPhoneSimulator.Build.0 = Debug|Any CPU
		{5D26516F-9F0D-4309-AE98-DF6BC3EE7071}.Ad-Hoc|iPhoneSimulator.Deploy.0 = Debug|Any CPU
		{5D26516F-9F0D-4309-AE98-DF6BC3EE7071}.AppStore|Any CPU.ActiveCfg = Debug|Any CPU
		{5D26516F-9F0D-4309-AE98-DF6BC3EE7071}.AppStore|Any CPU.Build.0 = Debug|Any CPU
		{5D26516F-9F0D-4309-AE98-DF6BC3EE7071}.AppStore|Any CPU.Deploy.0 = Debug|Any CPU
		{5D26516F-9F0D-4309-AE98-DF6BC3EE7071}.AppStore|iPhone.ActiveCfg = Debug|Any CPU
		{5D26516F-9F0D-4309-AE98-DF6BC3EE7071}.AppStore|iPhone.Build.0 = Debug|Any CPU
		{5D26516F-9F0D-4309-AE98-DF6BC3EE7071}.AppStore|iPhone.Deploy.0 = Debug|Any CPU
		{5D26516F-9F0D-4309-AE98-DF6BC3EE7071}.AppStore|iPhoneSimulator.ActiveCfg = Debug|Any CPU
		{5D26516F-9F0D-4309-AE98-DF6BC3EE7071}.AppStore|iPhoneSimulator.Build.0 = Debug|Any CPU
		{5D26516F-9F0D-4309-AE98-DF6BC3EE7071}.AppStore|iPhoneSimulator.Deploy.0 = Debug|Any CPU
		{5D26516F-9F0D-4309-AE98-DF6BC3EE7071}.Debug|Any CPU.ActiveCfg = Debug|Any CPU
		{5D26516F-9F0D-4309-AE98-DF6BC3EE7071}.Debug|Any CPU.Build.0 = Debug|Any CPU
		{5D26516F-9F0D-4309-AE98-DF6BC3EE7071}.Debug|Any CPU.Deploy.0 = Debug|Any CPU
		{5D26516F-9F0D-4309-AE98-DF6BC3EE7071}.Debug|iPhone.ActiveCfg = Debug|Any CPU
		{5D26516F-9F0D-4309-AE98-DF6BC3EE7071}.Debug|iPhone.Build.0 = Debug|Any CPU
		{5D26516F-9F0D-4309-AE98-DF6BC3EE7071}.Debug|iPhone.Deploy.0 = Debug|Any CPU
		{5D26516F-9F0D-4309-AE98-DF6BC3EE7071}.Debug|iPhoneSimulator.ActiveCfg = Debug|Any CPU
		{5D26516F-9F0D-4309-AE98-DF6BC3EE7071}.Debug|iPhoneSimulator.Build.0 = Debug|Any CPU
		{5D26516F-9F0D-4309-AE98-DF6BC3EE7071}.Debug|iPhoneSimulator.Deploy.0 = Debug|Any CPU
		{5D26516F-9F0D-4309-AE98-DF6BC3EE7071}.Release|Any CPU.ActiveCfg = Release|Any CPU
		{5D26516F-9F0D-4309-AE98-DF6BC3EE7071}.Release|Any CPU.Build.0 = Release|Any CPU
		{5D26516F-9F0D-4309-AE98-DF6BC3EE7071}.Release|Any CPU.Deploy.0 = Release|Any CPU
		{5D26516F-9F0D-4309-AE98-DF6BC3EE7071}.Release|iPhone.ActiveCfg = Release|Any CPU
		{5D26516F-9F0D-4309-AE98-DF6BC3EE7071}.Release|iPhone.Build.0 = Release|Any CPU
		{5D26516F-9F0D-4309-AE98-DF6BC3EE7071}.Release|iPhone.Deploy.0 = Release|Any CPU
		{5D26516F-9F0D-4309-AE98-DF6BC3EE7071}.Release|iPhoneSimulator.ActiveCfg = Release|Any CPU
		{5D26516F-9F0D-4309-AE98-DF6BC3EE7071}.Release|iPhoneSimulator.Build.0 = Release|Any CPU
		{5D26516F-9F0D-4309-AE98-DF6BC3EE7071}.Release|iPhoneSimulator.Deploy.0 = Release|Any CPU
	EndGlobalSection
	GlobalSection(SolutionProperties) = preSolution
		HideSolutionNode = FALSE
	EndGlobalSection
	GlobalSection(ExtensibilityGlobals) = postSolution
		SolutionGuid = {A37A0C6D-346D-4982-A40E-FBF560FAFCBE}
	EndGlobalSection
EndGlobal
